
Microsoft Visual Studio Solution File, Format Version 12.00
# Visual Studio Version 17
VisualStudioVersion = 17.2.32519.379
MinimumVisualStudioVersion = 10.0.40219.1
Project("{FAE04EC0-301F-11D3-BF4B-00C04F79EFBC}") = "Hackademy.Domain", "Hackademy.Domain\Hackademy.Domain.csproj", "{1077FB50-2B95-462B-8E19-5D01D319AADF}"
EndProject
Project("{FAE04EC0-301F-11D3-BF4B-00C04F79EFBC}") = "Hackademy.Infrastructure", "Hackademy.Infrastructure\Hackademy.Infrastructure.csproj", "{F3A492A0-9EB1-4FA4-A5CD-195F7A77559B}"
EndProject
Project("{FAE04EC0-301F-11D3-BF4B-00C04F79EFBC}") = "Hackademy.API", "Hackademy.API\Hackademy.API.csproj", "{DD5C1B61-8474-4F52-A69A-F304D252223B}"
EndProject
Global
	GlobalSection(SolutionConfigurationPlatforms) = preSolution
		Debug|Any CPU = Debug|Any CPU
		Release|Any CPU = Release|Any CPU
	EndGlobalSection
	GlobalSection(ProjectConfigurationPlatforms) = postSolution
		{1077FB50-2B95-462B-8E19-5D01D319AADF}.Debug|Any CPU.ActiveCfg = Debug|Any CPU
		{1077FB50-2B95-462B-8E19-5D01D319AADF}.Debug|Any CPU.Build.0 = Debug|Any CPU
		{1077FB50-2B95-462B-8E19-5D01D319AADF}.Release|Any CPU.ActiveCfg = Release|Any CPU
		{1077FB50-2B95-462B-8E19-5D01D319AADF}.Release|Any CPU.Build.0 = Release|Any CPU
		{F3A492A0-9EB1-4FA4-A5CD-195F7A77559B}.Debug|Any CPU.ActiveCfg = Debug|Any CPU
		{F3A492A0-9EB1-4FA4-A5CD-195F7A77559B}.Debug|Any CPU.Build.0 = Debug|Any CPU
		{F3A492A0-9EB1-4FA4-A5CD-195F7A77559B}.Release|Any CPU.ActiveCfg = Release|Any CPU
		{F3A492A0-9EB1-4FA4-A5CD-195F7A77559B}.Release|Any CPU.Build.0 = Release|Any CPU
		{DD5C1B61-8474-4F52-A69A-F304D252223B}.Debug|Any CPU.ActiveCfg = Debug|Any CPU
		{DD5C1B61-8474-4F52-A69A-F304D252223B}.Debug|Any CPU.Build.0 = Debug|Any CPU
		{DD5C1B61-8474-4F52-A69A-F304D252223B}.Release|Any CPU.ActiveCfg = Release|Any CPU
		{DD5C1B61-8474-4F52-A69A-F304D252223B}.Release|Any CPU.Build.0 = Release|Any CPU
	EndGlobalSection
	GlobalSection(SolutionProperties) = preSolution
		HideSolutionNode = FALSE
	EndGlobalSection
	GlobalSection(ExtensibilityGlobals) = postSolution
		SolutionGuid = {9E5D37E4-56F5-4628-94FE-274AABC74674}
	EndGlobalSection
EndGlobal
